// !$*UTF8*$!
{
	archiveVersion = 1;
	classes = {
	};
	objectVersion = 50;
	objects = {

/* Begin PBXBuildFile section */
		081D38722587C582003359BD /* getCovidAccessStatus.json in Resources */ = {isa = PBXBuildFile; fileRef = 081D38712587C582003359BD /* getCovidAccessStatus.json */; };
		081D387C2587C60F003359BD /* getBuildingAccessList.json in Resources */ = {isa = PBXBuildFile; fileRef = 081D387B2587C60F003359BD /* getBuildingAccessList.json */; };
		081D387F2587C709003359BD /* getBuildingAccessStatus.json in Resources */ = {isa = PBXBuildFile; fileRef = 081D387E2587C709003359BD /* getBuildingAccessStatus.json */; };
		081D38852587C763003359BD /* CovidAccessStatus.swift in Sources */ = {isa = PBXBuildFile; fileRef = 081D38842587C763003359BD /* CovidAccessStatus.swift */; };
		081D38882587C76D003359BD /* VaccineElectionStatus.swift in Sources */ = {isa = PBXBuildFile; fileRef = 081D38872587C76D003359BD /* VaccineElectionStatus.swift */; };
		081D388B2587C778003359BD /* BuildingAccessStatus.swift in Sources */ = {isa = PBXBuildFile; fileRef = 081D388A2587C778003359BD /* BuildingAccessStatus.swift */; };
		081D388E2587C785003359BD /* BuildingAccessList.swift in Sources */ = {isa = PBXBuildFile; fileRef = 081D388D2587C785003359BD /* BuildingAccessList.swift */; };
		081D38932587C9DD003359BD /* VaccineCardViewModel.swift in Sources */ = {isa = PBXBuildFile; fileRef = 081D38922587C9DD003359BD /* VaccineCardViewModel.swift */; };
		081D38972587CF6C003359BD /* CovidPass.swift in Sources */ = {isa = PBXBuildFile; fileRef = 081D38962587CF6C003359BD /* CovidPass.swift */; };
		081D389B2587CF78003359BD /* CovidPassViewModel.swift in Sources */ = {isa = PBXBuildFile; fileRef = 081D389A2587CF78003359BD /* CovidPassViewModel.swift */; };
		081D38A02587D917003359BD /* MedicalCard.swift in Sources */ = {isa = PBXBuildFile; fileRef = 081D389F2587D917003359BD /* MedicalCard.swift */; };
		081D38A32587D922003359BD /* MedicalCardViewModel.swift in Sources */ = {isa = PBXBuildFile; fileRef = 081D38A22587D922003359BD /* MedicalCardViewModel.swift */; };
		084885A925824F9D000BA77B /* CovidAtlasApp.swift in Sources */ = {isa = PBXBuildFile; fileRef = 084885A825824F9D000BA77B /* CovidAtlasApp.swift */; };
		084885AB25824F9D000BA77B /* ContentView.swift in Sources */ = {isa = PBXBuildFile; fileRef = 084885AA25824F9D000BA77B /* ContentView.swift */; };
		084885AD25824F9F000BA77B /* Assets.xcassets in Resources */ = {isa = PBXBuildFile; fileRef = 084885AC25824F9F000BA77B /* Assets.xcassets */; };
		084885B025824F9F000BA77B /* Preview Assets.xcassets in Resources */ = {isa = PBXBuildFile; fileRef = 084885AF25824F9F000BA77B /* Preview Assets.xcassets */; };
		08857ACF2589FDBB00AA16FB /* CheckList.swift in Sources */ = {isa = PBXBuildFile; fileRef = 08857ACE2589FDBB00AA16FB /* CheckList.swift */; };
		08857AD32589FDCB00AA16FB /* CheckListViewModel.swift in Sources */ = {isa = PBXBuildFile; fileRef = 08857AD22589FDCB00AA16FB /* CheckListViewModel.swift */; };
		08857AD62589FE6700AA16FB /* CheckListItem.swift in Sources */ = {isa = PBXBuildFile; fileRef = 08857AD52589FE6700AA16FB /* CheckListItem.swift */; };
		08857AD9258A033E00AA16FB /* MainContainer.swift in Sources */ = {isa = PBXBuildFile; fileRef = 08857AD8258A033E00AA16FB /* MainContainer.swift */; };
		08857ADD258A0E4800AA16FB /* CheckListType.swift in Sources */ = {isa = PBXBuildFile; fileRef = 08857ADC258A0E4800AA16FB /* CheckListType.swift */; };
		08857AE0258A1EC000AA16FB /* RichText.swift in Sources */ = {isa = PBXBuildFile; fileRef = 08857ADF258A1EC000AA16FB /* RichText.swift */; };
		08857AE7258A1F9300AA16FB /* StringExtensions.swift in Sources */ = {isa = PBXBuildFile; fileRef = 08857AE6258A1F9300AA16FB /* StringExtensions.swift */; };
		08857AF0258A205800AA16FB /* BuildingAccessCard.swift in Sources */ = {isa = PBXBuildFile; fileRef = 08857AEF258A205800AA16FB /* BuildingAccessCard.swift */; };
		08857AF3258A208900AA16FB /* BuildingAccessViewModel.swift in Sources */ = {isa = PBXBuildFile; fileRef = 08857AF2258A208900AA16FB /* BuildingAccessViewModel.swift */; };
		08857AF7258A2B5700AA16FB /* RetakeAttestation.swift in Sources */ = {isa = PBXBuildFile; fileRef = 08857AF6258A2B5700AA16FB /* RetakeAttestation.swift */; };
		08F1D0E225862F9700E12FEB /* ModelData.swift in Sources */ = {isa = PBXBuildFile; fileRef = 08F1D0E125862F9700E12FEB /* ModelData.swift */; };
		08F1D0E525862FB900E12FEB /* getVaccineElectionStatus.json in Resources */ = {isa = PBXBuildFile; fileRef = 08F1D0E425862FB900E12FEB /* getVaccineElectionStatus.json */; };
		08F1D0EE2586323D00E12FEB /* VaccineCard.swift in Sources */ = {isa = PBXBuildFile; fileRef = 08F1D0ED2586323D00E12FEB /* VaccineCard.swift */; };
		08F1D0F7258647CF00E12FEB /* Colors.swift in Sources */ = {isa = PBXBuildFile; fileRef = 08F1D0F6258647CF00E12FEB /* Colors.swift */; };
		08F1D103258742A300E12FEB /* CButtonStyle.swift in Sources */ = {isa = PBXBuildFile; fileRef = 08F1D102258742A300E12FEB /* CButtonStyle.swift */; };
		08F1D10C25874DCE00E12FEB /* CTextStyle.swift in Sources */ = {isa = PBXBuildFile; fileRef = 08F1D10B25874DCE00E12FEB /* CTextStyle.swift */; };
/* End PBXBuildFile section */

/* Begin PBXFileReference section */
		081D38712587C582003359BD /* getCovidAccessStatus.json */ = {isa = PBXFileReference; lastKnownFileType = text.json; path = getCovidAccessStatus.json; sourceTree = "<group>"; };
		081D387B2587C60F003359BD /* getBuildingAccessList.json */ = {isa = PBXFileReference; lastKnownFileType = text.json; path = getBuildingAccessList.json; sourceTree = "<group>"; };
		081D387E2587C709003359BD /* getBuildingAccessStatus.json */ = {isa = PBXFileReference; lastKnownFileType = text.json; path = getBuildingAccessStatus.json; sourceTree = "<group>"; };
		081D38842587C763003359BD /* CovidAccessStatus.swift */ = {isa = PBXFileReference; lastKnownFileType = sourcecode.swift; path = CovidAccessStatus.swift; sourceTree = "<group>"; };
		081D38872587C76D003359BD /* VaccineElectionStatus.swift */ = {isa = PBXFileReference; lastKnownFileType = sourcecode.swift; path = VaccineElectionStatus.swift; sourceTree = "<group>"; };
		081D388A2587C778003359BD /* BuildingAccessStatus.swift */ = {isa = PBXFileReference; lastKnownFileType = sourcecode.swift; path = BuildingAccessStatus.swift; sourceTree = "<group>"; };
		081D388D2587C785003359BD /* BuildingAccessList.swift */ = {isa = PBXFileReference; lastKnownFileType = sourcecode.swift; path = BuildingAccessList.swift; sourceTree = "<group>"; };
		081D38922587C9DD003359BD /* VaccineCardViewModel.swift */ = {isa = PBXFileReference; lastKnownFileType = sourcecode.swift; path = VaccineCardViewModel.swift; sourceTree = "<group>"; };
		081D38962587CF6C003359BD /* CovidPass.swift */ = {isa = PBXFileReference; lastKnownFileType = sourcecode.swift; path = CovidPass.swift; sourceTree = "<group>"; };
		081D389A2587CF78003359BD /* CovidPassViewModel.swift */ = {isa = PBXFileReference; lastKnownFileType = sourcecode.swift; path = CovidPassViewModel.swift; sourceTree = "<group>"; };
		081D389F2587D917003359BD /* MedicalCard.swift */ = {isa = PBXFileReference; lastKnownFileType = sourcecode.swift; path = MedicalCard.swift; sourceTree = "<group>"; };
		081D38A22587D922003359BD /* MedicalCardViewModel.swift */ = {isa = PBXFileReference; lastKnownFileType = sourcecode.swift; path = MedicalCardViewModel.swift; sourceTree = "<group>"; };
		084885A525824F9D000BA77B /* CovidAtlas.app */ = {isa = PBXFileReference; explicitFileType = wrapper.application; includeInIndex = 0; path = CovidAtlas.app; sourceTree = BUILT_PRODUCTS_DIR; };
		084885A825824F9D000BA77B /* CovidAtlasApp.swift */ = {isa = PBXFileReference; lastKnownFileType = sourcecode.swift; path = CovidAtlasApp.swift; sourceTree = "<group>"; };
		084885AA25824F9D000BA77B /* ContentView.swift */ = {isa = PBXFileReference; lastKnownFileType = sourcecode.swift; path = ContentView.swift; sourceTree = "<group>"; };
		084885AC25824F9F000BA77B /* Assets.xcassets */ = {isa = PBXFileReference; lastKnownFileType = folder.assetcatalog; path = Assets.xcassets; sourceTree = "<group>"; };
		084885AF25824F9F000BA77B /* Preview Assets.xcassets */ = {isa = PBXFileReference; lastKnownFileType = folder.assetcatalog; path = "Preview Assets.xcassets"; sourceTree = "<group>"; };
		084885B125824F9F000BA77B /* Info.plist */ = {isa = PBXFileReference; lastKnownFileType = text.plist.xml; path = Info.plist; sourceTree = "<group>"; };
		08857ACE2589FDBB00AA16FB /* CheckList.swift */ = {isa = PBXFileReference; lastKnownFileType = sourcecode.swift; path = CheckList.swift; sourceTree = "<group>"; };
		08857AD22589FDCB00AA16FB /* CheckListViewModel.swift */ = {isa = PBXFileReference; lastKnownFileType = sourcecode.swift; path = CheckListViewModel.swift; sourceTree = "<group>"; };
		08857AD52589FE6700AA16FB /* CheckListItem.swift */ = {isa = PBXFileReference; lastKnownFileType = sourcecode.swift; path = CheckListItem.swift; sourceTree = "<group>"; };
		08857AD8258A033E00AA16FB /* MainContainer.swift */ = {isa = PBXFileReference; lastKnownFileType = sourcecode.swift; path = MainContainer.swift; sourceTree = "<group>"; };
		08857ADC258A0E4800AA16FB /* CheckListType.swift */ = {isa = PBXFileReference; lastKnownFileType = sourcecode.swift; path = CheckListType.swift; sourceTree = "<group>"; };
		08857ADF258A1EC000AA16FB /* RichText.swift */ = {isa = PBXFileReference; lastKnownFileType = sourcecode.swift; path = RichText.swift; sourceTree = "<group>"; };
		08857AE6258A1F9300AA16FB /* StringExtensions.swift */ = {isa = PBXFileReference; lastKnownFileType = sourcecode.swift; path = StringExtensions.swift; sourceTree = "<group>"; };
		08857AEF258A205800AA16FB /* BuildingAccessCard.swift */ = {isa = PBXFileReference; lastKnownFileType = sourcecode.swift; path = BuildingAccessCard.swift; sourceTree = "<group>"; };
		08857AF2258A208900AA16FB /* BuildingAccessViewModel.swift */ = {isa = PBXFileReference; lastKnownFileType = sourcecode.swift; path = BuildingAccessViewModel.swift; sourceTree = "<group>"; };
		08857AF6258A2B5700AA16FB /* RetakeAttestation.swift */ = {isa = PBXFileReference; lastKnownFileType = sourcecode.swift; path = RetakeAttestation.swift; sourceTree = "<group>"; };
		08F1D0E125862F9700E12FEB /* ModelData.swift */ = {isa = PBXFileReference; fileEncoding = 4; lastKnownFileType = sourcecode.swift; path = ModelData.swift; sourceTree = "<group>"; };
		08F1D0E425862FB900E12FEB /* getVaccineElectionStatus.json */ = {isa = PBXFileReference; fileEncoding = 4; lastKnownFileType = text.json; path = getVaccineElectionStatus.json; sourceTree = "<group>"; };
		08F1D0ED2586323D00E12FEB /* VaccineCard.swift */ = {isa = PBXFileReference; lastKnownFileType = sourcecode.swift; path = VaccineCard.swift; sourceTree = "<group>"; };
		08F1D0F6258647CF00E12FEB /* Colors.swift */ = {isa = PBXFileReference; lastKnownFileType = sourcecode.swift; path = Colors.swift; sourceTree = "<group>"; };
		08F1D102258742A300E12FEB /* CButtonStyle.swift */ = {isa = PBXFileReference; lastKnownFileType = sourcecode.swift; path = CButtonStyle.swift; sourceTree = "<group>"; };
		08F1D10B25874DCE00E12FEB /* CTextStyle.swift */ = {isa = PBXFileReference; lastKnownFileType = sourcecode.swift; path = CTextStyle.swift; sourceTree = "<group>"; };
/* End PBXFileReference section */

/* Begin PBXFrameworksBuildPhase section */
		084885A225824F9D000BA77B /* Frameworks */ = {
			isa = PBXFrameworksBuildPhase;
			buildActionMask = 2147483647;
			files = (
			);
			runOnlyForDeploymentPostprocessing = 0;
		};
/* End PBXFrameworksBuildPhase section */

/* Begin PBXGroup section */
		081D38902587C9A7003359BD /* VaccineElection */ = {
			isa = PBXGroup;
			children = (
				08F1D0ED2586323D00E12FEB /* VaccineCard.swift */,
				081D38922587C9DD003359BD /* VaccineCardViewModel.swift */,
			);
			path = VaccineElection;
			sourceTree = "<group>";
		};
		081D38952587CF3D003359BD /* CovidPass */ = {
			isa = PBXGroup;
			children = (
				081D38962587CF6C003359BD /* CovidPass.swift */,
				081D389A2587CF78003359BD /* CovidPassViewModel.swift */,
			);
			path = CovidPass;
			sourceTree = "<group>";
		};
		081D389D2587D4AB003359BD /* Medical */ = {
			isa = PBXGroup;
			children = (
				081D389F2587D917003359BD /* MedicalCard.swift */,
				081D38A22587D922003359BD /* MedicalCardViewModel.swift */,
			);
			path = Medical;
			sourceTree = "<group>";
		};
		0848859C25824F9D000BA77B = {
			isa = PBXGroup;
			children = (
				084885A725824F9D000BA77B /* CovidAtlas */,
				084885A625824F9D000BA77B /* Products */,
			);
			sourceTree = "<group>";
		};
		084885A625824F9D000BA77B /* Products */ = {
			isa = PBXGroup;
			children = (
				084885A525824F9D000BA77B /* CovidAtlas.app */,
			);
			name = Products;
			sourceTree = "<group>";
		};
		084885A725824F9D000BA77B /* CovidAtlas */ = {
			isa = PBXGroup;
			children = (
				084885A825824F9D000BA77B /* CovidAtlasApp.swift */,
				08F1D0D2258626C100E12FEB /* Views */,
				08F1D0E025862F0900E12FEB /* Model */,
				08F1D0F42586467800E12FEB /* Helpers */,
				08F1D0D325862AE200E12FEB /* Resources */,
				08857AE2258A1EE100AA16FB /* Extensions */,
				084885B125824F9F000BA77B /* Info.plist */,
				084885AE25824F9F000BA77B /* Preview Content */,
			);
			path = CovidAtlas;
			sourceTree = "<group>";
		};
		084885AE25824F9F000BA77B /* Preview Content */ = {
			isa = PBXGroup;
			children = (
				084885AF25824F9F000BA77B /* Preview Assets.xcassets */,
			);
			path = "Preview Content";
			sourceTree = "<group>";
		};
		08857ACD2589FD9000AA16FB /* CheckList */ = {
			isa = PBXGroup;
			children = (
				08857ACE2589FDBB00AA16FB /* CheckList.swift */,
				08857AD22589FDCB00AA16FB /* CheckListViewModel.swift */,
				08857AD52589FE6700AA16FB /* CheckListItem.swift */,
				08857ADC258A0E4800AA16FB /* CheckListType.swift */,
			);
			path = CheckList;
			sourceTree = "<group>";
		};
		08857AE2258A1EE100AA16FB /* Extensions */ = {
			isa = PBXGroup;
			children = (
				08857AE6258A1F9300AA16FB /* StringExtensions.swift */,
			);
			path = Extensions;
			sourceTree = "<group>";
		};
		08857AE9258A202100AA16FB /* BuildingAccess */ = {
			isa = PBXGroup;
			children = (
				08857AEF258A205800AA16FB /* BuildingAccessCard.swift */,
				08857AF2258A208900AA16FB /* BuildingAccessViewModel.swift */,
			);
			path = BuildingAccess;
			sourceTree = "<group>";
		};
		08857AF5258A2B3700AA16FB /* RetakeAttestation */ = {
			isa = PBXGroup;
			children = (
				08857AF6258A2B5700AA16FB /* RetakeAttestation.swift */,
			);
			path = RetakeAttestation;
			sourceTree = "<group>";
		};
		08AA492A258A4FDC0052548A /* Dashboard */ = {
			isa = PBXGroup;
			children = (
				08857AD8258A033E00AA16FB /* MainContainer.swift */,
				08857ACD2589FD9000AA16FB /* CheckList */,
				08F1D0F92587427000E12FEB /* Common */,
				08F1D0D525862B1A00E12FEB /* Cards */,
			);
			path = Dashboard;
			sourceTree = "<group>";
		};
		08F1D0D2258626C100E12FEB /* Views */ = {
			isa = PBXGroup;
			children = (
				084885AA25824F9D000BA77B /* ContentView.swift */,
				08AA492A258A4FDC0052548A /* Dashboard */,
			);
			path = Views;
			sourceTree = "<group>";
		};
		08F1D0D325862AE200E12FEB /* Resources */ = {
			isa = PBXGroup;
			children = (
				081D38712587C582003359BD /* getCovidAccessStatus.json */,
				08F1D0E425862FB900E12FEB /* getVaccineElectionStatus.json */,
				081D387E2587C709003359BD /* getBuildingAccessStatus.json */,
				081D387B2587C60F003359BD /* getBuildingAccessList.json */,
				084885AC25824F9F000BA77B /* Assets.xcassets */,
			);
			path = Resources;
			sourceTree = "<group>";
		};
		08F1D0D525862B1A00E12FEB /* Cards */ = {
			isa = PBXGroup;
			children = (
				081D38952587CF3D003359BD /* CovidPass */,
				081D38902587C9A7003359BD /* VaccineElection */,
				081D389D2587D4AB003359BD /* Medical */,
				08857AE9258A202100AA16FB /* BuildingAccess */,
				08857AF5258A2B3700AA16FB /* RetakeAttestation */,
			);
			path = Cards;
			sourceTree = "<group>";
		};
		08F1D0E025862F0900E12FEB /* Model */ = {
			isa = PBXGroup;
			children = (
				08F1D0E125862F9700E12FEB /* ModelData.swift */,
				081D38842587C763003359BD /* CovidAccessStatus.swift */,
				081D38872587C76D003359BD /* VaccineElectionStatus.swift */,
				081D388A2587C778003359BD /* BuildingAccessStatus.swift */,
				081D388D2587C785003359BD /* BuildingAccessList.swift */,
			);
			path = Model;
			sourceTree = "<group>";
		};
		08F1D0F42586467800E12FEB /* Helpers */ = {
			isa = PBXGroup;
			children = (
				08F1D0F6258647CF00E12FEB /* Colors.swift */,
				08857ADF258A1EC000AA16FB /* RichText.swift */,
			);
			path = Helpers;
			sourceTree = "<group>";
		};
		08F1D0F92587427000E12FEB /* Common */ = {
			isa = PBXGroup;
			children = (
				08F1D10E25874DD200E12FEB /* Styles */,
			);
			path = Common;
			sourceTree = "<group>";
		};
		08F1D10E25874DD200E12FEB /* Styles */ = {
			isa = PBXGroup;
			children = (
				08F1D10B25874DCE00E12FEB /* CTextStyle.swift */,
				08F1D102258742A300E12FEB /* CButtonStyle.swift */,
			);
			path = Styles;
			sourceTree = "<group>";
		};
/* End PBXGroup section */

/* Begin PBXNativeTarget section */
		084885A425824F9D000BA77B /* CovidAtlas */ = {
			isa = PBXNativeTarget;
			buildConfigurationList = 084885B425824F9F000BA77B /* Build configuration list for PBXNativeTarget "CovidAtlas" */;
			buildPhases = (
				084885A125824F9D000BA77B /* Sources */,
				084885A225824F9D000BA77B /* Frameworks */,
				084885A325824F9D000BA77B /* Resources */,
			);
			buildRules = (
			);
			dependencies = (
			);
			name = CovidAtlas;
			productName = CovidAtlas;
			productReference = 084885A525824F9D000BA77B /* CovidAtlas.app */;
			productType = "com.apple.product-type.application";
		};
/* End PBXNativeTarget section */

/* Begin PBXProject section */
		0848859D25824F9D000BA77B /* Project object */ = {
			isa = PBXProject;
			attributes = {
				LastSwiftUpdateCheck = 1210;
				LastUpgradeCheck = 1210;
				TargetAttributes = {
					084885A425824F9D000BA77B = {
						CreatedOnToolsVersion = 12.1;
					};
				};
			};
			buildConfigurationList = 084885A025824F9D000BA77B /* Build configuration list for PBXProject "CovidAtlas" */;
			compatibilityVersion = "Xcode 9.3";
			developmentRegion = en;
			hasScannedForEncodings = 0;
			knownRegions = (
				en,
				Base,
			);
			mainGroup = 0848859C25824F9D000BA77B;
			productRefGroup = 084885A625824F9D000BA77B /* Products */;
			projectDirPath = "";
			projectRoot = "";
			targets = (
				084885A425824F9D000BA77B /* CovidAtlas */,
			);
		};
/* End PBXProject section */

/* Begin PBXResourcesBuildPhase section */
		084885A325824F9D000BA77B /* Resources */ = {
			isa = PBXResourcesBuildPhase;
			buildActionMask = 2147483647;
			files = (
				081D38722587C582003359BD /* getCovidAccessStatus.json in Resources */,
				084885B025824F9F000BA77B /* Preview Assets.xcassets in Resources */,
				081D387C2587C60F003359BD /* getBuildingAccessList.json in Resources */,
				084885AD25824F9F000BA77B /* Assets.xcassets in Resources */,
				081D387F2587C709003359BD /* getBuildingAccessStatus.json in Resources */,
				08F1D0E525862FB900E12FEB /* getVaccineElectionStatus.json in Resources */,
			);
			runOnlyForDeploymentPostprocessing = 0;
		};
/* End PBXResourcesBuildPhase section */

/* Begin PBXSourcesBuildPhase section */
		084885A125824F9D000BA77B /* Sources */ = {
			isa = PBXSourcesBuildPhase;
			buildActionMask = 2147483647;
			files = (
				084885AB25824F9D000BA77B /* ContentView.swift in Sources */,
				081D388B2587C778003359BD /* BuildingAccessStatus.swift in Sources */,
				08F1D0F7258647CF00E12FEB /* Colors.swift in Sources */,
				081D389B2587CF78003359BD /* CovidPassViewModel.swift in Sources */,
				08F1D0E225862F9700E12FEB /* ModelData.swift in Sources */,
				08857ACF2589FDBB00AA16FB /* CheckList.swift in Sources */,
				08857AD9258A033E00AA16FB /* MainContainer.swift in Sources */,
				08F1D10C25874DCE00E12FEB /* CTextStyle.swift in Sources */,
				08F1D0EE2586323D00E12FEB /* VaccineCard.swift in Sources */,
				081D38882587C76D003359BD /* VaccineElectionStatus.swift in Sources */,
				08857AD32589FDCB00AA16FB /* CheckListViewModel.swift in Sources */,
				081D38852587C763003359BD /* CovidAccessStatus.swift in Sources */,
				08857AE7258A1F9300AA16FB /* StringExtensions.swift in Sources */,
				08857AF3258A208900AA16FB /* BuildingAccessViewModel.swift in Sources */,
				08857AF0258A205800AA16FB /* BuildingAccessCard.swift in Sources */,
				081D38932587C9DD003359BD /* VaccineCardViewModel.swift in Sources */,
				081D38A32587D922003359BD /* MedicalCardViewModel.swift in Sources */,
				081D388E2587C785003359BD /* BuildingAccessList.swift in Sources */,
				081D38972587CF6C003359BD /* CovidPass.swift in Sources */,
				08857ADD258A0E4800AA16FB /* CheckListType.swift in Sources */,
				084885A925824F9D000BA77B /* CovidAtlasApp.swift in Sources */,
				08F1D103258742A300E12FEB /* CButtonStyle.swift in Sources */,
				08857AF7258A2B5700AA16FB /* RetakeAttestation.swift in Sources */,
				081D38A02587D917003359BD /* MedicalCard.swift in Sources */,
				08857AE0258A1EC000AA16FB /* RichText.swift in Sources */,
				08857AD62589FE6700AA16FB /* CheckListItem.swift in Sources */,
			);
			runOnlyForDeploymentPostprocessing = 0;
		};
/* End PBXSourcesBuildPhase section */

/* Begin XCBuildConfiguration section */
		084885B225824F9F000BA77B /* Debug */ = {
			isa = XCBuildConfiguration;
			buildSettings = {
				ALWAYS_SEARCH_USER_PATHS = NO;
				CLANG_ANALYZER_NONNULL = YES;
				CLANG_ANALYZER_NUMBER_OBJECT_CONVERSION = YES_AGGRESSIVE;
				CLANG_CXX_LANGUAGE_STANDARD = "gnu++14";
				CLANG_CXX_LIBRARY = "libc++";
				CLANG_ENABLE_MODULES = YES;
				CLANG_ENABLE_OBJC_ARC = YES;
				CLANG_ENABLE_OBJC_WEAK = YES;
				CLANG_WARN_BLOCK_CAPTURE_AUTORELEASING = YES;
				CLANG_WARN_BOOL_CONVERSION = YES;
				CLANG_WARN_COMMA = YES;
				CLANG_WARN_CONSTANT_CONVERSION = YES;
				CLANG_WARN_DEPRECATED_OBJC_IMPLEMENTATIONS = YES;
				CLANG_WARN_DIRECT_OBJC_ISA_USAGE = YES_ERROR;
				CLANG_WARN_DOCUMENTATION_COMMENTS = YES;
				CLANG_WARN_EMPTY_BODY = YES;
				CLANG_WARN_ENUM_CONVERSION = YES;
				CLANG_WARN_INFINITE_RECURSION = YES;
				CLANG_WARN_INT_CONVERSION = YES;
				CLANG_WARN_NON_LITERAL_NULL_CONVERSION = YES;
				CLANG_WARN_OBJC_IMPLICIT_RETAIN_SELF = YES;
				CLANG_WARN_OBJC_LITERAL_CONVERSION = YES;
				CLANG_WARN_OBJC_ROOT_CLASS = YES_ERROR;
				CLANG_WARN_QUOTED_INCLUDE_IN_FRAMEWORK_HEADER = YES;
				CLANG_WARN_RANGE_LOOP_ANALYSIS = YES;
				CLANG_WARN_STRICT_PROTOTYPES = YES;
				CLANG_WARN_SUSPICIOUS_MOVE = YES;
				CLANG_WARN_UNGUARDED_AVAILABILITY = YES_AGGRESSIVE;
				CLANG_WARN_UNREACHABLE_CODE = YES;
				CLANG_WARN__DUPLICATE_METHOD_MATCH = YES;
				COPY_PHASE_STRIP = NO;
				DEBUG_INFORMATION_FORMAT = dwarf;
				ENABLE_STRICT_OBJC_MSGSEND = YES;
				ENABLE_TESTABILITY = YES;
				GCC_C_LANGUAGE_STANDARD = gnu11;
				GCC_DYNAMIC_NO_PIC = NO;
				GCC_NO_COMMON_BLOCKS = YES;
				GCC_OPTIMIZATION_LEVEL = 0;
				GCC_PREPROCESSOR_DEFINITIONS = (
					"DEBUG=1",
					"$(inherited)",
				);
				GCC_WARN_64_TO_32_BIT_CONVERSION = YES;
				GCC_WARN_ABOUT_RETURN_TYPE = YES_ERROR;
				GCC_WARN_UNDECLARED_SELECTOR = YES;
				GCC_WARN_UNINITIALIZED_AUTOS = YES_AGGRESSIVE;
				GCC_WARN_UNUSED_FUNCTION = YES;
				GCC_WARN_UNUSED_VARIABLE = YES;
				IPHONEOS_DEPLOYMENT_TARGET = 14.1;
				MTL_ENABLE_DEBUG_INFO = INCLUDE_SOURCE;
				MTL_FAST_MATH = YES;
				ONLY_ACTIVE_ARCH = YES;
				SDKROOT = iphoneos;
				SWIFT_ACTIVE_COMPILATION_CONDITIONS = DEBUG;
				SWIFT_OPTIMIZATION_LEVEL = "-Onone";
			};
			name = Debug;
		};
		084885B325824F9F000BA77B /* Release */ = {
			isa = XCBuildConfiguration;
			buildSettings = {
				ALWAYS_SEARCH_USER_PATHS = NO;
				CLANG_ANALYZER_NONNULL = YES;
				CLANG_ANALYZER_NUMBER_OBJECT_CONVERSION = YES_AGGRESSIVE;
				CLANG_CXX_LANGUAGE_STANDARD = "gnu++14";
				CLANG_CXX_LIBRARY = "libc++";
				CLANG_ENABLE_MODULES = YES;
				CLANG_ENABLE_OBJC_ARC = YES;
				CLANG_ENABLE_OBJC_WEAK = YES;
				CLANG_WARN_BLOCK_CAPTURE_AUTORELEASING = YES;
				CLANG_WARN_BOOL_CONVERSION = YES;
				CLANG_WARN_COMMA = YES;
				CLANG_WARN_CONSTANT_CONVERSION = YES;
				CLANG_WARN_DEPRECATED_OBJC_IMPLEMENTATIONS = YES;
				CLANG_WARN_DIRECT_OBJC_ISA_USAGE = YES_ERROR;
				CLANG_WARN_DOCUMENTATION_COMMENTS = YES;
				CLANG_WARN_EMPTY_BODY = YES;
				CLANG_WARN_ENUM_CONVERSION = YES;
				CLANG_WARN_INFINITE_RECURSION = YES;
				CLANG_WARN_INT_CONVERSION = YES;
				CLANG_WARN_NON_LITERAL_NULL_CONVERSION = YES;
				CLANG_WARN_OBJC_IMPLICIT_RETAIN_SELF = YES;
				CLANG_WARN_OBJC_LITERAL_CONVERSION = YES;
				CLANG_WARN_OBJC_ROOT_CLASS = YES_ERROR;
				CLANG_WARN_QUOTED_INCLUDE_IN_FRAMEWORK_HEADER = YES;
				CLANG_WARN_RANGE_LOOP_ANALYSIS = YES;
				CLANG_WARN_STRICT_PROTOTYPES = YES;
				CLANG_WARN_SUSPICIOUS_MOVE = YES;
				CLANG_WARN_UNGUARDED_AVAILABILITY = YES_AGGRESSIVE;
				CLANG_WARN_UNREACHABLE_CODE = YES;
				CLANG_WARN__DUPLICATE_METHOD_MATCH = YES;
				COPY_PHASE_STRIP = NO;
				DEBUG_INFORMATION_FORMAT = "dwarf-with-dsym";
				ENABLE_NS_ASSERTIONS = NO;
				ENABLE_STRICT_OBJC_MSGSEND = YES;
				GCC_C_LANGUAGE_STANDARD = gnu11;
				GCC_NO_COMMON_BLOCKS = YES;
				GCC_WARN_64_TO_32_BIT_CONVERSION = YES;
				GCC_WARN_ABOUT_RETURN_TYPE = YES_ERROR;
				GCC_WARN_UNDECLARED_SELECTOR = YES;
				GCC_WARN_UNINITIALIZED_AUTOS = YES_AGGRESSIVE;
				GCC_WARN_UNUSED_FUNCTION = YES;
				GCC_WARN_UNUSED_VARIABLE = YES;
				IPHONEOS_DEPLOYMENT_TARGET = 14.1;
				MTL_ENABLE_DEBUG_INFO = NO;
				MTL_FAST_MATH = YES;
				SDKROOT = iphoneos;
				SWIFT_COMPILATION_MODE = wholemodule;
				SWIFT_OPTIMIZATION_LEVEL = "-O";
				VALIDATE_PRODUCT = YES;
			};
			name = Release;
		};
		084885B525824F9F000BA77B /* Debug */ = {
			isa = XCBuildConfiguration;
			buildSettings = {
				ASSETCATALOG_COMPILER_APPICON_NAME = AppIcon;
				ASSETCATALOG_COMPILER_GLOBAL_ACCENT_COLOR_NAME = AccentColor;
				CODE_SIGN_STYLE = Automatic;
				DEVELOPMENT_ASSET_PATHS = "\"CovidAtlas/Preview Content\"";
				DEVELOPMENT_TEAM = 6465YMUMLU;
				ENABLE_PREVIEWS = YES;
				INFOPLIST_FILE = CovidAtlas/Info.plist;
				IPHONEOS_DEPLOYMENT_TARGET = 14.0;
				LD_RUNPATH_SEARCH_PATHS = (
					"$(inherited)",
					"@executable_path/Frameworks",
				);
				PRODUCT_BUNDLE_IDENTIFIER = com.pienaaranker.CovidAtlas;
				PRODUCT_NAME = "$(TARGET_NAME)";
				SWIFT_VERSION = 5.0;
				TARGETED_DEVICE_FAMILY = "1,2";
			};
			name = Debug;
		};
		084885B625824F9F000BA77B /* Release */ = {
			isa = XCBuildConfiguration;
			buildSettings = {
				ASSETCATALOG_COMPILER_APPICON_NAME = AppIcon;
				ASSETCATALOG_COMPILER_GLOBAL_ACCENT_COLOR_NAME = AccentColor;
				CODE_SIGN_STYLE = Automatic;
				DEVELOPMENT_ASSET_PATHS = "\"CovidAtlas/Preview Content\"";
				DEVELOPMENT_TEAM = 6465YMUMLU;
				ENABLE_PREVIEWS = YES;
				INFOPLIST_FILE = CovidAtlas/Info.plist;
				IPHONEOS_DEPLOYMENT_TARGET = 14.0;
				LD_RUNPATH_SEARCH_PATHS = (
					"$(inherited)",
					"@executable_path/Frameworks",
				);
				PRODUCT_BUNDLE_IDENTIFIER = com.pienaaranker.CovidAtlas;
				PRODUCT_NAME = "$(TARGET_NAME)";
				SWIFT_VERSION = 5.0;
				TARGETED_DEVICE_FAMILY = "1,2";
			};
			name = Release;
		};
/* End XCBuildConfiguration section */

/* Begin XCConfigurationList section */
		084885A025824F9D000BA77B /* Build configuration list for PBXProject "CovidAtlas" */ = {
			isa = XCConfigurationList;
			buildConfigurations = (
				084885B225824F9F000BA77B /* Debug */,
				084885B325824F9F000BA77B /* Release */,
			);
			defaultConfigurationIsVisible = 0;
			defaultConfigurationName = Release;
		};
		084885B425824F9F000BA77B /* Build configuration list for PBXNativeTarget "CovidAtlas" */ = {
			isa = XCConfigurationList;
			buildConfigurations = (
				084885B525824F9F000BA77B /* Debug */,
				084885B625824F9F000BA77B /* Release */,
			);
			defaultConfigurationIsVisible = 0;
			defaultConfigurationName = Release;
		};
/* End XCConfigurationList section */
	};
	rootObject = 0848859D25824F9D000BA77B /* Project object */;
}
